<?xml version="1.0" encoding="utf-8"?>
<Project ToolsVersion="4.0" xmlns="http://schemas.microsoft.com/developer/msbuild/2003">
  <ItemGroup>
    <ClCompile Include="WOLFSRC\WL_MAIN.C" />
    <ClCompile Include="WOLFSRC\ID_MM.C" />
    <ClCompile Include="WOLFSRC\ID_PM.C" />
    <ClCompile Include="WOLFSRC\ID_CA.C" />
    <ClCompile Include="WOLFSRC\ID_VL.C" />
    <ClCompile Include="WOLFSRC\ID_VH.C" />
    <ClCompile Include="WOLFSRC\ID_IN.C" />
    <ClCompile Include="WOLFSRC\bridge.c" />
    <ClCompile Include="WOLFSRC\ID_SD.C" />
  </ItemGroup>
  <ItemGroup>
    <ClInclude Include="WOLFSRC\WL_DEF.H" />
    <ClInclude Include="WOLFSRC\ID_HEADS.H" />
    <ClInclude Include="WOLFSRC\ID_MM.H" />
    <ClInclude Include="WOLFSRC\ID_PM.H" />
    <ClInclude Include="WOLFSRC\ID_SD.H" />
    <ClInclude Include="WOLFSRC\ID_US.H" />
    <ClInclude Include="WOLFSRC\ID_VH.H" />
    <ClInclude Include="WOLFSRC\ID_VL.H" />
    <ClInclude Include="WOLFSRC\ID_CA.H" />
    <ClInclude Include="WOLFSRC\ID_IN.H" />
    <ClInclude Include="WOLFSRC\WL_MENU.H" />
    <ClInclude Include="WOLFSRC\bridge.h" />
  </ItemGroup>
</Project>