<?xml version="1.0" encoding="utf-8"?>
<Project ToolsVersion="4.0" xmlns="http://schemas.microsoft.com/developer/msbuild/2003">
  <ItemGroup>
    <ClCompile Include="WOLFSRC\WL_MAIN.C" />
    <ClCompile Include="WOLFSRC\ID_MM.C" />
    <ClCompile Include="WOLFSRC\ID_PM.C" />
    <ClCompile Include="WOLFSRC\ID_CA.C" />
    <ClCompile Include="WOLFSRC\ID_VL.C" />
    <ClCompile Include="WOLFSRC\ID_VH.C" />
    <ClCompile Include="WOLFSRC\ID_IN.C" />
    <ClCompile Include="WOLFSRC\ID_SD.C" />
    <ClCompile Include="WOLFSRC\ID_US_1.C" />
    <ClCompile Include="WOLFSRC\WL_MENU.C" />
    <ClCompile Include="WOLFSRC\WL_GAME.C" />
    <ClCompile Include="WOLFSRC\WL_PLAY.C" />
    <ClCompile Include="WOLFSRC\WL_DRAW.C" />
    <ClCompile Include="WOLFSRC\WL_AGENT.C" />
    <ClCompile Include="WOLFSRC\WL_STATE.C" />
    <ClCompile Include="WOLFSRC\WL_ACT1.C" />
    <ClCompile Include="WOLFSRC\WL_ACT2.C" />
    <ClCompile Include="WOLFSRC\WL_INTER.C" />
    <ClCompile Include="WOLFSRC\GAMEPAL.C" />
    <ClCompile Include="WOLFSRC\SIGNON.C" />
    <ClCompile Include="WOLFSRC\WL_TEXT.C" />
    <ClCompile Include="target\bridge_sdl2.c">
      <Filter>sdl2</Filter>
    </ClCompile>
    <ClCompile Include="emu8950\emu8950.c">
      <Filter>emu8950</Filter>
    </ClCompile>
    <ClCompile Include="emu8950\emuadpcm.c">
      <Filter>emu8950</Filter>
    </ClCompile>
    <ClCompile Include="spscbuffer\spscbuffer.c">
      <Filter>spscbuffer</Filter>
    </ClCompile>
    <ClCompile Include="WOLFSRC\statelist.c" />
  </ItemGroup>
  <ItemGroup>
    <ClInclude Include="WOLFSRC\WL_DEF.H" />
    <ClInclude Include="WOLFSRC\ID_HEADS.H" />
    <ClInclude Include="WOLFSRC\ID_MM.H" />
    <ClInclude Include="WOLFSRC\ID_PM.H" />
    <ClInclude Include="WOLFSRC\ID_SD.H" />
    <ClInclude Include="WOLFSRC\ID_US.H" />
    <ClInclude Include="WOLFSRC\ID_VH.H" />
    <ClInclude Include="WOLFSRC\ID_VL.H" />
    <ClInclude Include="WOLFSRC\ID_CA.H" />
    <ClInclude Include="WOLFSRC\ID_IN.H" />
    <ClInclude Include="WOLFSRC\WL_MENU.H" />
    <ClInclude Include="WOLFSRC\bridge.h" />
    <ClInclude Include="WOLFSRC\VERSION.H" />
    <ClInclude Include="emu8950\emu8950.h">
      <Filter>emu8950</Filter>
    </ClInclude>
    <ClInclude Include="emu8950\emuadpcm.h">
      <Filter>emu8950</Filter>
    </ClInclude>
    <ClInclude Include="spscbuffer\spscbuffer.h">
      <Filter>spscbuffer</Filter>
    </ClInclude>
  </ItemGroup>
  <ItemGroup>
    <Filter Include="sdl2">
      <UniqueIdentifier>{827312d0-fdea-4c29-838c-29003e516d88}</UniqueIdentifier>
    </Filter>
    <Filter Include="emu8950">
      <UniqueIdentifier>{80a818e7-a9b0-4e7f-ac96-d3bb8d332631}</UniqueIdentifier>
    </Filter>
    <Filter Include="spscbuffer">
      <UniqueIdentifier>{416a2f58-10ce-48a8-9e40-274ba4c07392}</UniqueIdentifier>
    </Filter>
  </ItemGroup>
</Project>