// !$*UTF8*$!
{
	archiveVersion = 1;
	classes = {
	};
	objectVersion = 55;
	objects = {

/* Begin PBXBuildFile section */
		6E4049652B507760001E6ACA /* bridge.c in Sources */ = {isa = PBXBuildFile; fileRef = 6E4049632B507760001E6ACA /* bridge.c */; };
		6E40497A2B5078F3001E6ACA /* ID_SD.C in Sources */ = {isa = PBXBuildFile; fileRef = 6E40496B2B5078F1001E6ACA /* ID_SD.C */; };
		6E40497B2B5078F3001E6ACA /* ID_VH.C in Sources */ = {isa = PBXBuildFile; fileRef = 6E40496C2B5078F2001E6ACA /* ID_VH.C */; };
		6E40497C2B5078F3001E6ACA /* ID_VL.C in Sources */ = {isa = PBXBuildFile; fileRef = 6E4049702B5078F2001E6ACA /* ID_VL.C */; };
		6E40497D2B5078F3001E6ACA /* ID_US_1.C in Sources */ = {isa = PBXBuildFile; fileRef = 6E4049732B5078F2001E6ACA /* ID_US_1.C */; };
		6E40497E2B5078F3001E6ACA /* ID_PM.C in Sources */ = {isa = PBXBuildFile; fileRef = 6E4049742B5078F2001E6ACA /* ID_PM.C */; };
		6E40497F2B5078F3001E6ACA /* ID_IN.C in Sources */ = {isa = PBXBuildFile; fileRef = 6E4049752B5078F2001E6ACA /* ID_IN.C */; };
		6E4049802B5078F3001E6ACA /* ID_MM.C in Sources */ = {isa = PBXBuildFile; fileRef = 6E4049772B5078F2001E6ACA /* ID_MM.C */; };
		6E4049812B5078F3001E6ACA /* ID_CA.C in Sources */ = {isa = PBXBuildFile; fileRef = 6E4049782B5078F2001E6ACA /* ID_CA.C */; };
		6E40498E2B507913001E6ACA /* WL_MAIN.C in Sources */ = {isa = PBXBuildFile; fileRef = 6E4049822B507912001E6ACA /* WL_MAIN.C */; };
		6E40498F2B507913001E6ACA /* WL_ACT1.C in Sources */ = {isa = PBXBuildFile; fileRef = 6E4049832B507912001E6ACA /* WL_ACT1.C */; };
		6E4049902B507913001E6ACA /* WL_DRAW.C in Sources */ = {isa = PBXBuildFile; fileRef = 6E4049852B507912001E6ACA /* WL_DRAW.C */; };
		6E4049912B507913001E6ACA /* WL_MENU.C in Sources */ = {isa = PBXBuildFile; fileRef = 6E4049862B507912001E6ACA /* WL_MENU.C */; };
		6E4049922B507913001E6ACA /* WL_PLAY.C in Sources */ = {isa = PBXBuildFile; fileRef = 6E4049872B507912001E6ACA /* WL_PLAY.C */; };
		6E4049932B507913001E6ACA /* WL_STATE.C in Sources */ = {isa = PBXBuildFile; fileRef = 6E4049882B507912001E6ACA /* WL_STATE.C */; };
		6E4049942B507913001E6ACA /* WL_ACT2.C in Sources */ = {isa = PBXBuildFile; fileRef = 6E4049892B507913001E6ACA /* WL_ACT2.C */; };
		6E4049952B507913001E6ACA /* WL_AGENT.C in Sources */ = {isa = PBXBuildFile; fileRef = 6E40498A2B507913001E6ACA /* WL_AGENT.C */; };
		6E4049962B507913001E6ACA /* WL_INTER.C in Sources */ = {isa = PBXBuildFile; fileRef = 6E40498B2B507913001E6ACA /* WL_INTER.C */; };
		6E4049972B507913001E6ACA /* WL_GAME.C in Sources */ = {isa = PBXBuildFile; fileRef = 6E40498C2B507913001E6ACA /* WL_GAME.C */; };
		6E4049982B507913001E6ACA /* WL_TEXT.C in Sources */ = {isa = PBXBuildFile; fileRef = 6E40498D2B507913001E6ACA /* WL_TEXT.C */; };
		6E40499A2B50792E001E6ACA /* GAMEPAL.C in Sources */ = {isa = PBXBuildFile; fileRef = 6E4049992B50792E001E6ACA /* GAMEPAL.C */; };
		6E40499C2B50793C001E6ACA /* SIGNON.C in Sources */ = {isa = PBXBuildFile; fileRef = 6E40499B2B50793C001E6ACA /* SIGNON.C */; };
		6E40499E2B507E5A001E6ACA /* SDL2.framework in Frameworks */ = {isa = PBXBuildFile; fileRef = 6E40499D2B507E5A001E6ACA /* SDL2.framework */; };
		6E40499F2B507E5A001E6ACA /* SDL2.framework in Embed Frameworks */ = {isa = PBXBuildFile; fileRef = 6E40499D2B507E5A001E6ACA /* SDL2.framework */; settings = {ATTRIBUTES = (CodeSignOnCopy, RemoveHeadersOnCopy, ); }; };
/* End PBXBuildFile section */

/* Begin PBXCopyFilesBuildPhase section */
		6E40494C2B5075C3001E6ACA /* CopyFiles */ = {
			isa = PBXCopyFilesBuildPhase;
			buildActionMask = 2147483647;
			dstPath = /usr/share/man/man1/;
			dstSubfolderSpec = 0;
			files = (
			);
			runOnlyForDeploymentPostprocessing = 1;
		};
		6E40495F2B507665001E6ACA /* Embed Frameworks */ = {
			isa = PBXCopyFilesBuildPhase;
			buildActionMask = 2147483647;
			dstPath = "";
			dstSubfolderSpec = 10;
			files = (
				6E40499F2B507E5A001E6ACA /* SDL2.framework in Embed Frameworks */,
			);
			name = "Embed Frameworks";
			runOnlyForDeploymentPostprocessing = 0;
		};
/* End PBXCopyFilesBuildPhase section */

/* Begin PBXFileReference section */
		6E40494E2B5075C3001E6ACA /* Wolf32 */ = {isa = PBXFileReference; explicitFileType = "compiled.mach-o.executable"; includeInIndex = 0; path = Wolf32; sourceTree = BUILT_PRODUCTS_DIR; };
		6E4049632B507760001E6ACA /* bridge.c */ = {isa = PBXFileReference; fileEncoding = 4; lastKnownFileType = sourcecode.c.c; name = bridge.c; path = WOLFSRC/bridge.c; sourceTree = SOURCE_ROOT; };
		6E4049642B507760001E6ACA /* bridge.h */ = {isa = PBXFileReference; fileEncoding = 4; lastKnownFileType = sourcecode.c.h; name = bridge.h; path = WOLFSRC/bridge.h; sourceTree = SOURCE_ROOT; };
		6E4049682B5077E1001E6ACA /* WL_DEF.H */ = {isa = PBXFileReference; lastKnownFileType = sourcecode.cpp.h; name = WL_DEF.H; path = WOLFSRC/WL_DEF.H; sourceTree = SOURCE_ROOT; };
		6E4049692B507811001E6ACA /* ID_HEADS.H */ = {isa = PBXFileReference; lastKnownFileType = sourcecode.cpp.h; name = ID_HEADS.H; path = WOLFSRC/ID_HEADS.H; sourceTree = SOURCE_ROOT; };
		6E40496A2B5078F1001E6ACA /* ID_MM.H */ = {isa = PBXFileReference; fileEncoding = 4; lastKnownFileType = sourcecode.cpp.h; name = ID_MM.H; path = WOLFSRC/ID_MM.H; sourceTree = SOURCE_ROOT; };
		6E40496B2B5078F1001E6ACA /* ID_SD.C */ = {isa = PBXFileReference; fileEncoding = 4; lastKnownFileType = sourcecode.cpp.cpp; name = ID_SD.C; path = WOLFSRC/ID_SD.C; sourceTree = SOURCE_ROOT; };
		6E40496C2B5078F2001E6ACA /* ID_VH.C */ = {isa = PBXFileReference; fileEncoding = 4; lastKnownFileType = sourcecode.cpp.cpp; name = ID_VH.C; path = WOLFSRC/ID_VH.C; sourceTree = SOURCE_ROOT; };
		6E40496D2B5078F2001E6ACA /* ID_VH.H */ = {isa = PBXFileReference; fileEncoding = 4; lastKnownFileType = sourcecode.cpp.h; name = ID_VH.H; path = WOLFSRC/ID_VH.H; sourceTree = SOURCE_ROOT; };
		6E40496E2B5078F2001E6ACA /* ID_VL.H */ = {isa = PBXFileReference; fileEncoding = 4; lastKnownFileType = sourcecode.cpp.h; name = ID_VL.H; path = WOLFSRC/ID_VL.H; sourceTree = SOURCE_ROOT; };
		6E40496F2B5078F2001E6ACA /* ID_SD.H */ = {isa = PBXFileReference; fileEncoding = 4; lastKnownFileType = sourcecode.cpp.h; name = ID_SD.H; path = WOLFSRC/ID_SD.H; sourceTree = SOURCE_ROOT; };
		6E4049702B5078F2001E6ACA /* ID_VL.C */ = {isa = PBXFileReference; fileEncoding = 4; lastKnownFileType = sourcecode.cpp.cpp; name = ID_VL.C; path = WOLFSRC/ID_VL.C; sourceTree = SOURCE_ROOT; };
		6E4049712B5078F2001E6ACA /* ID_PM.H */ = {isa = PBXFileReference; fileEncoding = 4; lastKnownFileType = sourcecode.cpp.h; name = ID_PM.H; path = WOLFSRC/ID_PM.H; sourceTree = SOURCE_ROOT; };
		6E4049722B5078F2001E6ACA /* ID_IN.H */ = {isa = PBXFileReference; fileEncoding = 4; lastKnownFileType = sourcecode.cpp.h; name = ID_IN.H; path = WOLFSRC/ID_IN.H; sourceTree = SOURCE_ROOT; };
		6E4049732B5078F2001E6ACA /* ID_US_1.C */ = {isa = PBXFileReference; fileEncoding = 4; lastKnownFileType = sourcecode.cpp.cpp; name = ID_US_1.C; path = WOLFSRC/ID_US_1.C; sourceTree = SOURCE_ROOT; };
		6E4049742B5078F2001E6ACA /* ID_PM.C */ = {isa = PBXFileReference; fileEncoding = 4; lastKnownFileType = sourcecode.cpp.cpp; name = ID_PM.C; path = WOLFSRC/ID_PM.C; sourceTree = SOURCE_ROOT; };
		6E4049752B5078F2001E6ACA /* ID_IN.C */ = {isa = PBXFileReference; fileEncoding = 4; lastKnownFileType = sourcecode.cpp.cpp; name = ID_IN.C; path = WOLFSRC/ID_IN.C; sourceTree = SOURCE_ROOT; };
		6E4049762B5078F2001E6ACA /* ID_US.H */ = {isa = PBXFileReference; fileEncoding = 4; lastKnownFileType = sourcecode.cpp.h; name = ID_US.H; path = WOLFSRC/ID_US.H; sourceTree = SOURCE_ROOT; };
		6E4049772B5078F2001E6ACA /* ID_MM.C */ = {isa = PBXFileReference; fileEncoding = 4; lastKnownFileType = sourcecode.cpp.cpp; name = ID_MM.C; path = WOLFSRC/ID_MM.C; sourceTree = SOURCE_ROOT; };
		6E4049782B5078F2001E6ACA /* ID_CA.C */ = {isa = PBXFileReference; fileEncoding = 4; lastKnownFileType = sourcecode.cpp.cpp; name = ID_CA.C; path = WOLFSRC/ID_CA.C; sourceTree = SOURCE_ROOT; };
		6E4049792B5078F3001E6ACA /* ID_CA.H */ = {isa = PBXFileReference; fileEncoding = 4; lastKnownFileType = sourcecode.cpp.h; name = ID_CA.H; path = WOLFSRC/ID_CA.H; sourceTree = SOURCE_ROOT; };
		6E4049822B507912001E6ACA /* WL_MAIN.C */ = {isa = PBXFileReference; fileEncoding = 4; lastKnownFileType = sourcecode.cpp.cpp; name = WL_MAIN.C; path = WOLFSRC/WL_MAIN.C; sourceTree = SOURCE_ROOT; };
		6E4049832B507912001E6ACA /* WL_ACT1.C */ = {isa = PBXFileReference; fileEncoding = 4; lastKnownFileType = sourcecode.cpp.cpp; name = WL_ACT1.C; path = WOLFSRC/WL_ACT1.C; sourceTree = SOURCE_ROOT; };
		6E4049842B507912001E6ACA /* WL_MENU.H */ = {isa = PBXFileReference; fileEncoding = 4; lastKnownFileType = sourcecode.cpp.h; name = WL_MENU.H; path = WOLFSRC/WL_MENU.H; sourceTree = SOURCE_ROOT; };
		6E4049852B507912001E6ACA /* WL_DRAW.C */ = {isa = PBXFileReference; fileEncoding = 4; lastKnownFileType = sourcecode.cpp.cpp; name = WL_DRAW.C; path = WOLFSRC/WL_DRAW.C; sourceTree = SOURCE_ROOT; };
		6E4049862B507912001E6ACA /* WL_MENU.C */ = {isa = PBXFileReference; fileEncoding = 4; lastKnownFileType = sourcecode.cpp.cpp; name = WL_MENU.C; path = WOLFSRC/WL_MENU.C; sourceTree = SOURCE_ROOT; };
		6E4049872B507912001E6ACA /* WL_PLAY.C */ = {isa = PBXFileReference; fileEncoding = 4; lastKnownFileType = sourcecode.cpp.cpp; name = WL_PLAY.C; path = WOLFSRC/WL_PLAY.C; sourceTree = SOURCE_ROOT; };
		6E4049882B507912001E6ACA /* WL_STATE.C */ = {isa = PBXFileReference; fileEncoding = 4; lastKnownFileType = sourcecode.cpp.cpp; name = WL_STATE.C; path = WOLFSRC/WL_STATE.C; sourceTree = SOURCE_ROOT; };
		6E4049892B507913001E6ACA /* WL_ACT2.C */ = {isa = PBXFileReference; fileEncoding = 4; lastKnownFileType = sourcecode.cpp.cpp; name = WL_ACT2.C; path = WOLFSRC/WL_ACT2.C; sourceTree = SOURCE_ROOT; };
		6E40498A2B507913001E6ACA /* WL_AGENT.C */ = {isa = PBXFileReference; fileEncoding = 4; lastKnownFileType = sourcecode.cpp.cpp; name = WL_AGENT.C; path = WOLFSRC/WL_AGENT.C; sourceTree = SOURCE_ROOT; };
		6E40498B2B507913001E6ACA /* WL_INTER.C */ = {isa = PBXFileReference; fileEncoding = 4; lastKnownFileType = sourcecode.cpp.cpp; name = WL_INTER.C; path = WOLFSRC/WL_INTER.C; sourceTree = SOURCE_ROOT; };
		6E40498C2B507913001E6ACA /* WL_GAME.C */ = {isa = PBXFileReference; fileEncoding = 4; lastKnownFileType = sourcecode.cpp.cpp; name = WL_GAME.C; path = WOLFSRC/WL_GAME.C; sourceTree = SOURCE_ROOT; };
		6E40498D2B507913001E6ACA /* WL_TEXT.C */ = {isa = PBXFileReference; fileEncoding = 4; lastKnownFileType = sourcecode.cpp.cpp; name = WL_TEXT.C; path = WOLFSRC/WL_TEXT.C; sourceTree = SOURCE_ROOT; };
		6E4049992B50792E001E6ACA /* GAMEPAL.C */ = {isa = PBXFileReference; fileEncoding = 4; lastKnownFileType = sourcecode.cpp.cpp; name = GAMEPAL.C; path = WOLFSRC/GAMEPAL.C; sourceTree = SOURCE_ROOT; };
		6E40499B2B50793C001E6ACA /* SIGNON.C */ = {isa = PBXFileReference; fileEncoding = 4; lastKnownFileType = sourcecode.cpp.cpp; name = SIGNON.C; path = WOLFSRC/SIGNON.C; sourceTree = SOURCE_ROOT; };
		6E40499D2B507E5A001E6ACA /* SDL2.framework */ = {isa = PBXFileReference; lastKnownFileType = wrapper.framework; path = SDL2.framework; sourceTree = "<group>"; };
/* End PBXFileReference section */

/* Begin PBXFrameworksBuildPhase section */
		6E40494B2B5075C3001E6ACA /* Frameworks */ = {
			isa = PBXFrameworksBuildPhase;
			buildActionMask = 2147483647;
			files = (
				6E40499E2B507E5A001E6ACA /* SDL2.framework in Frameworks */,
			);
			runOnlyForDeploymentPostprocessing = 0;
		};
/* End PBXFrameworksBuildPhase section */

/* Begin PBXGroup section */
		6E4049452B5075C3001E6ACA = {
			isa = PBXGroup;
			children = (
				6E4049502B5075C3001E6ACA /* Wolf32 */,
				6E40494F2B5075C3001E6ACA /* Products */,
				6E40495B2B507665001E6ACA /* Frameworks */,
			);
			sourceTree = "<group>";
		};
		6E40494F2B5075C3001E6ACA /* Products */ = {
			isa = PBXGroup;
			children = (
				6E40494E2B5075C3001E6ACA /* Wolf32 */,
			);
			name = Products;
			sourceTree = "<group>";
		};
		6E4049502B5075C3001E6ACA /* Wolf32 */ = {
			isa = PBXGroup;
			children = (
				6E4049632B507760001E6ACA /* bridge.c */,
				6E4049642B507760001E6ACA /* bridge.h */,
				6E4049992B50792E001E6ACA /* GAMEPAL.C */,
				6E40499B2B50793C001E6ACA /* SIGNON.C */,
				6E4049782B5078F2001E6ACA /* ID_CA.C */,
				6E4049792B5078F3001E6ACA /* ID_CA.H */,
				6E4049752B5078F2001E6ACA /* ID_IN.C */,
				6E4049722B5078F2001E6ACA /* ID_IN.H */,
				6E4049772B5078F2001E6ACA /* ID_MM.C */,
				6E40496A2B5078F1001E6ACA /* ID_MM.H */,
				6E4049742B5078F2001E6ACA /* ID_PM.C */,
				6E4049712B5078F2001E6ACA /* ID_PM.H */,
				6E40496B2B5078F1001E6ACA /* ID_SD.C */,
				6E40496F2B5078F2001E6ACA /* ID_SD.H */,
				6E4049732B5078F2001E6ACA /* ID_US_1.C */,
				6E4049762B5078F2001E6ACA /* ID_US.H */,
				6E40496C2B5078F2001E6ACA /* ID_VH.C */,
				6E40496D2B5078F2001E6ACA /* ID_VH.H */,
				6E4049702B5078F2001E6ACA /* ID_VL.C */,
				6E40496E2B5078F2001E6ACA /* ID_VL.H */,
				6E4049692B507811001E6ACA /* ID_HEADS.H */,
				6E4049682B5077E1001E6ACA /* WL_DEF.H */,
				6E4049832B507912001E6ACA /* WL_ACT1.C */,
				6E4049892B507913001E6ACA /* WL_ACT2.C */,
				6E40498A2B507913001E6ACA /* WL_AGENT.C */,
				6E4049852B507912001E6ACA /* WL_DRAW.C */,
				6E40498C2B507913001E6ACA /* WL_GAME.C */,
				6E40498B2B507913001E6ACA /* WL_INTER.C */,
				6E4049822B507912001E6ACA /* WL_MAIN.C */,
				6E4049862B507912001E6ACA /* WL_MENU.C */,
				6E4049842B507912001E6ACA /* WL_MENU.H */,
				6E4049872B507912001E6ACA /* WL_PLAY.C */,
				6E4049882B507912001E6ACA /* WL_STATE.C */,
				6E40498D2B507913001E6ACA /* WL_TEXT.C */,
			);
			path = Wolf32;
			sourceTree = "<group>";
		};
		6E40495B2B507665001E6ACA /* Frameworks */ = {
			isa = PBXGroup;
			children = (
				6E40499D2B507E5A001E6ACA /* SDL2.framework */,
			);
			name = Frameworks;
			sourceTree = "<group>";
		};
/* End PBXGroup section */

/* Begin PBXNativeTarget section */
		6E40494D2B5075C3001E6ACA /* Wolf32 */ = {
			isa = PBXNativeTarget;
			buildConfigurationList = 6E4049552B5075C3001E6ACA /* Build configuration list for PBXNativeTarget "Wolf32" */;
			buildPhases = (
				6E40494A2B5075C3001E6ACA /* Sources */,
				6E40494B2B5075C3001E6ACA /* Frameworks */,
				6E40494C2B5075C3001E6ACA /* CopyFiles */,
				6E40495F2B507665001E6ACA /* Embed Frameworks */,
			);
			buildRules = (
			);
			dependencies = (
			);
			name = Wolf32;
			productName = Wolf32;
			productReference = 6E40494E2B5075C3001E6ACA /* Wolf32 */;
			productType = "com.apple.product-type.tool";
		};
/* End PBXNativeTarget section */

/* Begin PBXProject section */
		6E4049462B5075C3001E6ACA /* Project object */ = {
			isa = PBXProject;
			attributes = {
				BuildIndependentTargetsInParallel = 1;
				LastUpgradeCheck = 1340;
				TargetAttributes = {
					6E40494D2B5075C3001E6ACA = {
						CreatedOnToolsVersion = 13.4.1;
					};
				};
			};
			buildConfigurationList = 6E4049492B5075C3001E6ACA /* Build configuration list for PBXProject "Wolf32" */;
			compatibilityVersion = "Xcode 13.0";
			developmentRegion = en;
			hasScannedForEncodings = 0;
			knownRegions = (
				en,
				Base,
			);
			mainGroup = 6E4049452B5075C3001E6ACA;
			productRefGroup = 6E40494F2B5075C3001E6ACA /* Products */;
			projectDirPath = "";
			projectRoot = "";
			targets = (
				6E40494D2B5075C3001E6ACA /* Wolf32 */,
			);
		};
/* End PBXProject section */

/* Begin PBXSourcesBuildPhase section */
		6E40494A2B5075C3001E6ACA /* Sources */ = {
			isa = PBXSourcesBuildPhase;
			buildActionMask = 2147483647;
			files = (
				6E4049922B507913001E6ACA /* WL_PLAY.C in Sources */,
				6E40497A2B5078F3001E6ACA /* ID_SD.C in Sources */,
				6E40497E2B5078F3001E6ACA /* ID_PM.C in Sources */,
				6E4049982B507913001E6ACA /* WL_TEXT.C in Sources */,
				6E40498E2B507913001E6ACA /* WL_MAIN.C in Sources */,
				6E40499C2B50793C001E6ACA /* SIGNON.C in Sources */,
				6E4049912B507913001E6ACA /* WL_MENU.C in Sources */,
				6E4049812B5078F3001E6ACA /* ID_CA.C in Sources */,
				6E40497C2B5078F3001E6ACA /* ID_VL.C in Sources */,
				6E4049802B5078F3001E6ACA /* ID_MM.C in Sources */,
				6E40499A2B50792E001E6ACA /* GAMEPAL.C in Sources */,
				6E4049952B507913001E6ACA /* WL_AGENT.C in Sources */,
				6E4049962B507913001E6ACA /* WL_INTER.C in Sources */,
				6E4049972B507913001E6ACA /* WL_GAME.C in Sources */,
				6E40497F2B5078F3001E6ACA /* ID_IN.C in Sources */,
				6E4049652B507760001E6ACA /* bridge.c in Sources */,
				6E40497B2B5078F3001E6ACA /* ID_VH.C in Sources */,
				6E4049942B507913001E6ACA /* WL_ACT2.C in Sources */,
				6E40498F2B507913001E6ACA /* WL_ACT1.C in Sources */,
				6E40497D2B5078F3001E6ACA /* ID_US_1.C in Sources */,
				6E4049902B507913001E6ACA /* WL_DRAW.C in Sources */,
				6E4049932B507913001E6ACA /* WL_STATE.C in Sources */,
			);
			runOnlyForDeploymentPostprocessing = 0;
		};
/* End PBXSourcesBuildPhase section */

/* Begin XCBuildConfiguration section */
		6E4049532B5075C3001E6ACA /* Debug */ = {
			isa = XCBuildConfiguration;
			buildSettings = {
				ALWAYS_SEARCH_USER_PATHS = NO;
				CLANG_ANALYZER_NONNULL = YES;
				CLANG_ANALYZER_NUMBER_OBJECT_CONVERSION = YES_AGGRESSIVE;
				CLANG_CXX_LANGUAGE_STANDARD = "gnu++17";
				CLANG_ENABLE_MODULES = YES;
				CLANG_ENABLE_OBJC_ARC = YES;
				CLANG_ENABLE_OBJC_WEAK = YES;
				CLANG_WARN_BLOCK_CAPTURE_AUTORELEASING = YES;
				CLANG_WARN_BOOL_CONVERSION = YES;
				CLANG_WARN_COMMA = YES;
				CLANG_WARN_CONSTANT_CONVERSION = YES;
				CLANG_WARN_DEPRECATED_OBJC_IMPLEMENTATIONS = YES;
				CLANG_WARN_DIRECT_OBJC_ISA_USAGE = YES_ERROR;
				CLANG_WARN_DOCUMENTATION_COMMENTS = YES;
				CLANG_WARN_EMPTY_BODY = YES;
				CLANG_WARN_ENUM_CONVERSION = YES;
				CLANG_WARN_INFINITE_RECURSION = YES;
				CLANG_WARN_INT_CONVERSION = YES;
				CLANG_WARN_NON_LITERAL_NULL_CONVERSION = YES;
				CLANG_WARN_OBJC_IMPLICIT_RETAIN_SELF = YES;
				CLANG_WARN_OBJC_LITERAL_CONVERSION = YES;
				CLANG_WARN_OBJC_ROOT_CLASS = YES_ERROR;
				CLANG_WARN_QUOTED_INCLUDE_IN_FRAMEWORK_HEADER = YES;
				CLANG_WARN_RANGE_LOOP_ANALYSIS = YES;
				CLANG_WARN_STRICT_PROTOTYPES = YES;
				CLANG_WARN_SUSPICIOUS_MOVE = YES;
				CLANG_WARN_UNGUARDED_AVAILABILITY = YES_AGGRESSIVE;
				CLANG_WARN_UNREACHABLE_CODE = YES;
				CLANG_WARN__DUPLICATE_METHOD_MATCH = YES;
				COPY_PHASE_STRIP = NO;
				DEBUG_INFORMATION_FORMAT = dwarf;
				ENABLE_STRICT_OBJC_MSGSEND = YES;
				ENABLE_TESTABILITY = YES;
				GCC_C_LANGUAGE_STANDARD = gnu11;
				GCC_DYNAMIC_NO_PIC = NO;
				GCC_NO_COMMON_BLOCKS = YES;
				GCC_OPTIMIZATION_LEVEL = 0;
				GCC_PREPROCESSOR_DEFINITIONS = (
					"DEBUG=1",
					"$(inherited)",
				);
				GCC_WARN_64_TO_32_BIT_CONVERSION = YES;
				GCC_WARN_ABOUT_RETURN_TYPE = YES_ERROR;
				GCC_WARN_UNDECLARED_SELECTOR = YES;
				GCC_WARN_UNINITIALIZED_AUTOS = YES_AGGRESSIVE;
				GCC_WARN_UNUSED_FUNCTION = YES;
				GCC_WARN_UNUSED_VARIABLE = YES;
				MACOSX_DEPLOYMENT_TARGET = 12.3;
				MTL_ENABLE_DEBUG_INFO = INCLUDE_SOURCE;
				MTL_FAST_MATH = YES;
				ONLY_ACTIVE_ARCH = YES;
				SDKROOT = macosx;
			};
			name = Debug;
		};
		6E4049542B5075C3001E6ACA /* Release */ = {
			isa = XCBuildConfiguration;
			buildSettings = {
				ALWAYS_SEARCH_USER_PATHS = NO;
				CLANG_ANALYZER_NONNULL = YES;
				CLANG_ANALYZER_NUMBER_OBJECT_CONVERSION = YES_AGGRESSIVE;
				CLANG_CXX_LANGUAGE_STANDARD = "gnu++17";
				CLANG_ENABLE_MODULES = YES;
				CLANG_ENABLE_OBJC_ARC = YES;
				CLANG_ENABLE_OBJC_WEAK = YES;
				CLANG_WARN_BLOCK_CAPTURE_AUTORELEASING = YES;
				CLANG_WARN_BOOL_CONVERSION = YES;
				CLANG_WARN_COMMA = YES;
				CLANG_WARN_CONSTANT_CONVERSION = YES;
				CLANG_WARN_DEPRECATED_OBJC_IMPLEMENTATIONS = YES;
				CLANG_WARN_DIRECT_OBJC_ISA_USAGE = YES_ERROR;
				CLANG_WARN_DOCUMENTATION_COMMENTS = YES;
				CLANG_WARN_EMPTY_BODY = YES;
				CLANG_WARN_ENUM_CONVERSION = YES;
				CLANG_WARN_INFINITE_RECURSION = YES;
				CLANG_WARN_INT_CONVERSION = YES;
				CLANG_WARN_NON_LITERAL_NULL_CONVERSION = YES;
				CLANG_WARN_OBJC_IMPLICIT_RETAIN_SELF = YES;
				CLANG_WARN_OBJC_LITERAL_CONVERSION = YES;
				CLANG_WARN_OBJC_ROOT_CLASS = YES_ERROR;
				CLANG_WARN_QUOTED_INCLUDE_IN_FRAMEWORK_HEADER = YES;
				CLANG_WARN_RANGE_LOOP_ANALYSIS = YES;
				CLANG_WARN_STRICT_PROTOTYPES = YES;
				CLANG_WARN_SUSPICIOUS_MOVE = YES;
				CLANG_WARN_UNGUARDED_AVAILABILITY = YES_AGGRESSIVE;
				CLANG_WARN_UNREACHABLE_CODE = YES;
				CLANG_WARN__DUPLICATE_METHOD_MATCH = YES;
				COPY_PHASE_STRIP = NO;
				DEBUG_INFORMATION_FORMAT = "dwarf-with-dsym";
				ENABLE_NS_ASSERTIONS = NO;
				ENABLE_STRICT_OBJC_MSGSEND = YES;
				GCC_C_LANGUAGE_STANDARD = gnu11;
				GCC_NO_COMMON_BLOCKS = YES;
				GCC_WARN_64_TO_32_BIT_CONVERSION = YES;
				GCC_WARN_ABOUT_RETURN_TYPE = YES_ERROR;
				GCC_WARN_UNDECLARED_SELECTOR = YES;
				GCC_WARN_UNINITIALIZED_AUTOS = YES_AGGRESSIVE;
				GCC_WARN_UNUSED_FUNCTION = YES;
				GCC_WARN_UNUSED_VARIABLE = YES;
				MACOSX_DEPLOYMENT_TARGET = 12.3;
				MTL_ENABLE_DEBUG_INFO = NO;
				MTL_FAST_MATH = YES;
				SDKROOT = macosx;
			};
			name = Release;
		};
		6E4049562B5075C3001E6ACA /* Debug */ = {
			isa = XCBuildConfiguration;
			buildSettings = {
				CLANG_ALLOW_NON_MODULAR_INCLUDES_IN_FRAMEWORK_MODULES = NO;
				CLANG_WARN_QUOTED_INCLUDE_IN_FRAMEWORK_HEADER = YES;
				CODE_SIGN_STYLE = Automatic;
				FRAMEWORK_SEARCH_PATHS = (
					"$(inherited)",
					"$(PROJECT_DIR)",
				);
				GCC_INPUT_FILETYPE = sourcecode.c.c;
				PRODUCT_NAME = "$(TARGET_NAME)";
			};
			name = Debug;
		};
		6E4049572B5075C3001E6ACA /* Release */ = {
			isa = XCBuildConfiguration;
			buildSettings = {
				CLANG_ALLOW_NON_MODULAR_INCLUDES_IN_FRAMEWORK_MODULES = NO;
				CLANG_WARN_QUOTED_INCLUDE_IN_FRAMEWORK_HEADER = YES;
				CODE_SIGN_STYLE = Automatic;
				FRAMEWORK_SEARCH_PATHS = (
					"$(inherited)",
					"$(PROJECT_DIR)",
				);
				GCC_INPUT_FILETYPE = sourcecode.c.c;
				PRODUCT_NAME = "$(TARGET_NAME)";
			};
			name = Release;
		};
/* End XCBuildConfiguration section */

/* Begin XCConfigurationList section */
		6E4049492B5075C3001E6ACA /* Build configuration list for PBXProject "Wolf32" */ = {
			isa = XCConfigurationList;
			buildConfigurations = (
				6E4049532B5075C3001E6ACA /* Debug */,
				6E4049542B5075C3001E6ACA /* Release */,
			);
			defaultConfigurationIsVisible = 0;
			defaultConfigurationName = Release;
		};
		6E4049552B5075C3001E6ACA /* Build configuration list for PBXNativeTarget "Wolf32" */ = {
			isa = XCConfigurationList;
			buildConfigurations = (
				6E4049562B5075C3001E6ACA /* Debug */,
				6E4049572B5075C3001E6ACA /* Release */,
			);
			defaultConfigurationIsVisible = 0;
			defaultConfigurationName = Release;
		};
/* End XCConfigurationList section */
	};
	rootObject = 6E4049462B5075C3001E6ACA /* Project object */;
}
